
Microsoft Visual Studio Solution File, Format Version 12.00
# Visual Studio Version 16
VisualStudioVersion = 16.0.30611.23
MinimumVisualStudioVersion = 10.0.40219.1
Project("{FAE04EC0-301F-11D3-BF4B-00C04F79EFBC}") = "Algo10_Array", "Algo10_Array\Algo10_Array.csproj", "{BE596EDD-FE92-4F64-B119-5BF47E560013}"
EndProject
Global
	GlobalSection(SolutionConfigurationPlatforms) = preSolution
		Debug|Any CPU = Debug|Any CPU
		Release|Any CPU = Release|Any CPU
	EndGlobalSection
	GlobalSection(ProjectConfigurationPlatforms) = postSolution
		{BE596EDD-FE92-4F64-B119-5BF47E560013}.Debug|Any CPU.ActiveCfg = Debug|Any CPU
		{BE596EDD-FE92-4F64-B119-5BF47E560013}.Debug|Any CPU.Build.0 = Debug|Any CPU
		{BE596EDD-FE92-4F64-B119-5BF47E560013}.Release|Any CPU.ActiveCfg = Release|Any CPU
		{BE596EDD-FE92-4F64-B119-5BF47E560013}.Release|Any CPU.Build.0 = Release|Any CPU
	EndGlobalSection
	GlobalSection(SolutionProperties) = preSolution
		HideSolutionNode = FALSE
	EndGlobalSection
	GlobalSection(ExtensibilityGlobals) = postSolution
		SolutionGuid = {6DDACC4B-309A-46FD-B42D-3B1239830333}
	EndGlobalSection
EndGlobal
